
Microsoft Visual Studio Solution File, Format Version 12.00
# Visual Studio Version 17
VisualStudioVersion = 17.4.33205.214
MinimumVisualStudioVersion = 10.0.40219.1
Project("{9A19103F-16F7-4668-BE54-9A1E7A4F7556}") = "WinFormsApp1", "WinFormsApp1\WinFormsApp1.csproj", "{9B7CF298-9FE2-4061-8702-4787B93B4E70}"
EndProject
Project("{FAE04EC0-301F-11D3-BF4B-00C04F79EFBC}") = "UWPApp1", "UWPApp1\UWPApp1.csproj", "{C2C55811-466D-4A7E-9A8E-587A44D15B36}"
EndProject
Project("{9A19103F-16F7-4668-BE54-9A1E7A4F7556}") = "WpfApp1", "WpfApp1\WpfApp1.csproj", "{A01E54A6-232A-4A83-8EEE-D0DBED6FAFB7}"
EndProject
Project("{9A19103F-16F7-4668-BE54-9A1E7A4F7556}") = "WPFSample", "WPFSample\WPFSample.csproj", "{C7C51B08-7AF8-4469-BD11-17EB014A683D}"
EndProject
Project("{9A19103F-16F7-4668-BE54-9A1E7A4F7556}") = "WpfSample2", "WpfSample2\WpfSample2.csproj", "{D039E8E3-3F72-4C35-B24A-8DD2B66CFC31}"
EndProject
Project("{9A19103F-16F7-4668-BE54-9A1E7A4F7556}") = "MauiApp1", "MauiApp1\MauiApp1.csproj", "{4CB95A94-43CD-44A7-8B4C-41402A425957}"
EndProject
Project("{9A19103F-16F7-4668-BE54-9A1E7A4F7556}") = "MauiBlazApp1", "MauiBlazApp1\MauiBlazApp1.csproj", "{D70E55CC-DB14-4821-BB6A-2DB1F7F7CC9A}"
EndProject
Project("{9A19103F-16F7-4668-BE54-9A1E7A4F7556}") = "BlazorApp1", "BlazorApp1\BlazorApp1.csproj", "{31F89160-AAA2-490E-A3B4-5078BB24E150}"
EndProject
Project("{9A19103F-16F7-4668-BE54-9A1E7A4F7556}") = "BlazorSample", "BlazorSample\BlazorSample.csproj", "{949AE00C-F563-412D-8E32-61A2FA03F58A}"
EndProject
Project("{9A19103F-16F7-4668-BE54-9A1E7A4F7556}") = "MauiSample2", "MauiSample2\MauiSample2.csproj", "{3AF7E60D-8AA7-491D-BBF4-756A04449664}"
EndProject
Project("{9A19103F-16F7-4668-BE54-9A1E7A4F7556}") = "MauiSample", "MauiSample\MauiSample.csproj", "{DDF4BD41-A8F0-48D9-91ED-7BD4A938EEE7}"
EndProject
Project("{FAE04EC0-301F-11D3-BF4B-00C04F79EFBC}") = "BlazorSample2", "BlazorSample2\BlazorSample2.csproj", "{9D875FEC-9A44-4DF9-8238-583845AAD726}"
EndProject
Global
	GlobalSection(SolutionConfigurationPlatforms) = preSolution
		Debug|Any CPU = Debug|Any CPU
		Debug|ARM = Debug|ARM
		Debug|ARM64 = Debug|ARM64
		Debug|x64 = Debug|x64
		Debug|x86 = Debug|x86
		Release|Any CPU = Release|Any CPU
		Release|ARM = Release|ARM
		Release|ARM64 = Release|ARM64
		Release|x64 = Release|x64
		Release|x86 = Release|x86
	EndGlobalSection
	GlobalSection(ProjectConfigurationPlatforms) = postSolution
		{9B7CF298-9FE2-4061-8702-4787B93B4E70}.Debug|Any CPU.ActiveCfg = Debug|Any CPU
		{9B7CF298-9FE2-4061-8702-4787B93B4E70}.Debug|Any CPU.Build.0 = Debug|Any CPU
		{9B7CF298-9FE2-4061-8702-4787B93B4E70}.Debug|ARM.ActiveCfg = Debug|Any CPU
		{9B7CF298-9FE2-4061-8702-4787B93B4E70}.Debug|ARM.Build.0 = Debug|Any CPU
		{9B7CF298-9FE2-4061-8702-4787B93B4E70}.Debug|ARM64.ActiveCfg = Debug|Any CPU
		{9B7CF298-9FE2-4061-8702-4787B93B4E70}.Debug|ARM64.Build.0 = Debug|Any CPU
		{9B7CF298-9FE2-4061-8702-4787B93B4E70}.Debug|x64.ActiveCfg = Debug|Any CPU
		{9B7CF298-9FE2-4061-8702-4787B93B4E70}.Debug|x64.Build.0 = Debug|Any CPU
		{9B7CF298-9FE2-4061-8702-4787B93B4E70}.Debug|x86.ActiveCfg = Debug|Any CPU
		{9B7CF298-9FE2-4061-8702-4787B93B4E70}.Debug|x86.Build.0 = Debug|Any CPU
		{9B7CF298-9FE2-4061-8702-4787B93B4E70}.Release|Any CPU.ActiveCfg = Release|Any CPU
		{9B7CF298-9FE2-4061-8702-4787B93B4E70}.Release|Any CPU.Build.0 = Release|Any CPU
		{9B7CF298-9FE2-4061-8702-4787B93B4E70}.Release|ARM.ActiveCfg = Release|Any CPU
		{9B7CF298-9FE2-4061-8702-4787B93B4E70}.Release|ARM.Build.0 = Release|Any CPU
		{9B7CF298-9FE2-4061-8702-4787B93B4E70}.Release|ARM64.ActiveCfg = Release|Any CPU
		{9B7CF298-9FE2-4061-8702-4787B93B4E70}.Release|ARM64.Build.0 = Release|Any CPU
		{9B7CF298-9FE2-4061-8702-4787B93B4E70}.Release|x64.ActiveCfg = Release|Any CPU
		{9B7CF298-9FE2-4061-8702-4787B93B4E70}.Release|x64.Build.0 = Release|Any CPU
		{9B7CF298-9FE2-4061-8702-4787B93B4E70}.Release|x86.ActiveCfg = Release|Any CPU
		{9B7CF298-9FE2-4061-8702-4787B93B4E70}.Release|x86.Build.0 = Release|Any CPU
		{C2C55811-466D-4A7E-9A8E-587A44D15B36}.Debug|Any CPU.ActiveCfg = Debug|x64
		{C2C55811-466D-4A7E-9A8E-587A44D15B36}.Debug|Any CPU.Build.0 = Debug|x64
		{C2C55811-466D-4A7E-9A8E-587A44D15B36}.Debug|Any CPU.Deploy.0 = Debug|x64
		{C2C55811-466D-4A7E-9A8E-587A44D15B36}.Debug|ARM.ActiveCfg = Debug|ARM
		{C2C55811-466D-4A7E-9A8E-587A44D15B36}.Debug|ARM.Build.0 = Debug|ARM
		{C2C55811-466D-4A7E-9A8E-587A44D15B36}.Debug|ARM.Deploy.0 = Debug|ARM
		{C2C55811-466D-4A7E-9A8E-587A44D15B36}.Debug|ARM64.ActiveCfg = Debug|ARM64
		{C2C55811-466D-4A7E-9A8E-587A44D15B36}.Debug|ARM64.Build.0 = Debug|ARM64
		{C2C55811-466D-4A7E-9A8E-587A44D15B36}.Debug|ARM64.Deploy.0 = Debug|ARM64
		{C2C55811-466D-4A7E-9A8E-587A44D15B36}.Debug|x64.ActiveCfg = Debug|x64
		{C2C55811-466D-4A7E-9A8E-587A44D15B36}.Debug|x64.Build.0 = Debug|x64
		{C2C55811-466D-4A7E-9A8E-587A44D15B36}.Debug|x64.Deploy.0 = Debug|x64
		{C2C55811-466D-4A7E-9A8E-587A44D15B36}.Debug|x86.ActiveCfg = Debug|x86
		{C2C55811-466D-4A7E-9A8E-587A44D15B36}.Debug|x86.Build.0 = Debug|x86
		{C2C55811-466D-4A7E-9A8E-587A44D15B36}.Debug|x86.Deploy.0 = Debug|x86
		{C2C55811-466D-4A7E-9A8E-587A44D15B36}.Release|Any CPU.ActiveCfg = Release|x64
		{C2C55811-466D-4A7E-9A8E-587A44D15B36}.Release|Any CPU.Build.0 = Release|x64
		{C2C55811-466D-4A7E-9A8E-587A44D15B36}.Release|Any CPU.Deploy.0 = Release|x64
		{C2C55811-466D-4A7E-9A8E-587A44D15B36}.Release|ARM.ActiveCfg = Release|ARM
		{C2C55811-466D-4A7E-9A8E-587A44D15B36}.Release|ARM.Build.0 = Release|ARM
		{C2C55811-466D-4A7E-9A8E-587A44D15B36}.Release|ARM.Deploy.0 = Release|ARM
		{C2C55811-466D-4A7E-9A8E-587A44D15B36}.Release|ARM64.ActiveCfg = Release|ARM64
		{C2C55811-466D-4A7E-9A8E-587A44D15B36}.Release|ARM64.Build.0 = Release|ARM64
		{C2C55811-466D-4A7E-9A8E-587A44D15B36}.Release|ARM64.Deploy.0 = Release|ARM64
		{C2C55811-466D-4A7E-9A8E-587A44D15B36}.Release|x64.ActiveCfg = Release|x64
		{C2C55811-466D-4A7E-9A8E-587A44D15B36}.Release|x64.Build.0 = Release|x64
		{C2C55811-466D-4A7E-9A8E-587A44D15B36}.Release|x64.Deploy.0 = Release|x64
		{C2C55811-466D-4A7E-9A8E-587A44D15B36}.Release|x86.ActiveCfg = Release|x86
		{C2C55811-466D-4A7E-9A8E-587A44D15B36}.Release|x86.Build.0 = Release|x86
		{C2C55811-466D-4A7E-9A8E-587A44D15B36}.Release|x86.Deploy.0 = Release|x86
		{A01E54A6-232A-4A83-8EEE-D0DBED6FAFB7}.Debug|Any CPU.ActiveCfg = Debug|Any CPU
		{A01E54A6-232A-4A83-8EEE-D0DBED6FAFB7}.Debug|Any CPU.Build.0 = Debug|Any CPU
		{A01E54A6-232A-4A83-8EEE-D0DBED6FAFB7}.Debug|ARM.ActiveCfg = Debug|Any CPU
		{A01E54A6-232A-4A83-8EEE-D0DBED6FAFB7}.Debug|ARM.Build.0 = Debug|Any CPU
		{A01E54A6-232A-4A83-8EEE-D0DBED6FAFB7}.Debug|ARM64.ActiveCfg = Debug|Any CPU
		{A01E54A6-232A-4A83-8EEE-D0DBED6FAFB7}.Debug|ARM64.Build.0 = Debug|Any CPU
		{A01E54A6-232A-4A83-8EEE-D0DBED6FAFB7}.Debug|x64.ActiveCfg = Debug|Any CPU
		{A01E54A6-232A-4A83-8EEE-D0DBED6FAFB7}.Debug|x64.Build.0 = Debug|Any CPU
		{A01E54A6-232A-4A83-8EEE-D0DBED6FAFB7}.Debug|x86.ActiveCfg = Debug|Any CPU
		{A01E54A6-232A-4A83-8EEE-D0DBED6FAFB7}.Debug|x86.Build.0 = Debug|Any CPU
		{A01E54A6-232A-4A83-8EEE-D0DBED6FAFB7}.Release|Any CPU.ActiveCfg = Release|Any CPU
		{A01E54A6-232A-4A83-8EEE-D0DBED6FAFB7}.Release|Any CPU.Build.0 = Release|Any CPU
		{A01E54A6-232A-4A83-8EEE-D0DBED6FAFB7}.Release|ARM.ActiveCfg = Release|Any CPU
		{A01E54A6-232A-4A83-8EEE-D0DBED6FAFB7}.Release|ARM.Build.0 = Release|Any CPU
		{A01E54A6-232A-4A83-8EEE-D0DBED6FAFB7}.Release|ARM64.ActiveCfg = Release|Any CPU
		{A01E54A6-232A-4A83-8EEE-D0DBED6FAFB7}.Release|ARM64.Build.0 = Release|Any CPU
		{A01E54A6-232A-4A83-8EEE-D0DBED6FAFB7}.Release|x64.ActiveCfg = Release|Any CPU
		{A01E54A6-232A-4A83-8EEE-D0DBED6FAFB7}.Release|x64.Build.0 = Release|Any CPU
		{A01E54A6-232A-4A83-8EEE-D0DBED6FAFB7}.Release|x86.ActiveCfg = Release|Any CPU
		{A01E54A6-232A-4A83-8EEE-D0DBED6FAFB7}.Release|x86.Build.0 = Release|Any CPU
		{C7C51B08-7AF8-4469-BD11-17EB014A683D}.Debug|Any CPU.ActiveCfg = Debug|Any CPU
		{C7C51B08-7AF8-4469-BD11-17EB014A683D}.Debug|Any CPU.Build.0 = Debug|Any CPU
		{C7C51B08-7AF8-4469-BD11-17EB014A683D}.Debug|ARM.ActiveCfg = Debug|Any CPU
		{C7C51B08-7AF8-4469-BD11-17EB014A683D}.Debug|ARM.Build.0 = Debug|Any CPU
		{C7C51B08-7AF8-4469-BD11-17EB014A683D}.Debug|ARM64.ActiveCfg = Debug|Any CPU
		{C7C51B08-7AF8-4469-BD11-17EB014A683D}.Debug|ARM64.Build.0 = Debug|Any CPU
		{C7C51B08-7AF8-4469-BD11-17EB014A683D}.Debug|x64.ActiveCfg = Debug|Any CPU
		{C7C51B08-7AF8-4469-BD11-17EB014A683D}.Debug|x64.Build.0 = Debug|Any CPU
		{C7C51B08-7AF8-4469-BD11-17EB014A683D}.Debug|x86.ActiveCfg = Debug|Any CPU
		{C7C51B08-7AF8-4469-BD11-17EB014A683D}.Debug|x86.Build.0 = Debug|Any CPU
		{C7C51B08-7AF8-4469-BD11-17EB014A683D}.Release|Any CPU.ActiveCfg = Release|Any CPU
		{C7C51B08-7AF8-4469-BD11-17EB014A683D}.Release|Any CPU.Build.0 = Release|Any CPU
		{C7C51B08-7AF8-4469-BD11-17EB014A683D}.Release|ARM.ActiveCfg = Release|Any CPU
		{C7C51B08-7AF8-4469-BD11-17EB014A683D}.Release|ARM.Build.0 = Release|Any CPU
		{C7C51B08-7AF8-4469-BD11-17EB014A683D}.Release|ARM64.ActiveCfg = Release|Any CPU
		{C7C51B08-7AF8-4469-BD11-17EB014A683D}.Release|ARM64.Build.0 = Release|Any CPU
		{C7C51B08-7AF8-4469-BD11-17EB014A683D}.Release|x64.ActiveCfg = Release|Any CPU
		{C7C51B08-7AF8-4469-BD11-17EB014A683D}.Release|x64.Build.0 = Release|Any CPU
		{C7C51B08-7AF8-4469-BD11-17EB014A683D}.Release|x86.ActiveCfg = Release|Any CPU
		{C7C51B08-7AF8-4469-BD11-17EB014A683D}.Release|x86.Build.0 = Release|Any CPU
		{D039E8E3-3F72-4C35-B24A-8DD2B66CFC31}.Debug|Any CPU.ActiveCfg = Debug|Any CPU
		{D039E8E3-3F72-4C35-B24A-8DD2B66CFC31}.Debug|Any CPU.Build.0 = Debug|Any CPU
		{D039E8E3-3F72-4C35-B24A-8DD2B66CFC31}.Debug|ARM.ActiveCfg = Debug|Any CPU
		{D039E8E3-3F72-4C35-B24A-8DD2B66CFC31}.Debug|ARM.Build.0 = Debug|Any CPU
		{D039E8E3-3F72-4C35-B24A-8DD2B66CFC31}.Debug|ARM64.ActiveCfg = Debug|Any CPU
		{D039E8E3-3F72-4C35-B24A-8DD2B66CFC31}.Debug|ARM64.Build.0 = Debug|Any CPU
		{D039E8E3-3F72-4C35-B24A-8DD2B66CFC31}.Debug|x64.ActiveCfg = Debug|Any CPU
		{D039E8E3-3F72-4C35-B24A-8DD2B66CFC31}.Debug|x64.Build.0 = Debug|Any CPU
		{D039E8E3-3F72-4C35-B24A-8DD2B66CFC31}.Debug|x86.ActiveCfg = Debug|Any CPU
		{D039E8E3-3F72-4C35-B24A-8DD2B66CFC31}.Debug|x86.Build.0 = Debug|Any CPU
		{D039E8E3-3F72-4C35-B24A-8DD2B66CFC31}.Release|Any CPU.ActiveCfg = Release|Any CPU
		{D039E8E3-3F72-4C35-B24A-8DD2B66CFC31}.Release|Any CPU.Build.0 = Release|Any CPU
		{D039E8E3-3F72-4C35-B24A-8DD2B66CFC31}.Release|ARM.ActiveCfg = Release|Any CPU
		{D039E8E3-3F72-4C35-B24A-8DD2B66CFC31}.Release|ARM.Build.0 = Release|Any CPU
		{D039E8E3-3F72-4C35-B24A-8DD2B66CFC31}.Release|ARM64.ActiveCfg = Release|Any CPU
		{D039E8E3-3F72-4C35-B24A-8DD2B66CFC31}.Release|ARM64.Build.0 = Release|Any CPU
		{D039E8E3-3F72-4C35-B24A-8DD2B66CFC31}.Release|x64.ActiveCfg = Release|Any CPU
		{D039E8E3-3F72-4C35-B24A-8DD2B66CFC31}.Release|x64.Build.0 = Release|Any CPU
		{D039E8E3-3F72-4C35-B24A-8DD2B66CFC31}.Release|x86.ActiveCfg = Release|Any CPU
		{D039E8E3-3F72-4C35-B24A-8DD2B66CFC31}.Release|x86.Build.0 = Release|Any CPU
		{4CB95A94-43CD-44A7-8B4C-41402A425957}.Debug|Any CPU.ActiveCfg = Debug|Any CPU
		{4CB95A94-43CD-44A7-8B4C-41402A425957}.Debug|Any CPU.Build.0 = Debug|Any CPU
		{4CB95A94-43CD-44A7-8B4C-41402A425957}.Debug|Any CPU.Deploy.0 = Debug|Any CPU
		{4CB95A94-43CD-44A7-8B4C-41402A425957}.Debug|ARM.ActiveCfg = Debug|Any CPU
		{4CB95A94-43CD-44A7-8B4C-41402A425957}.Debug|ARM.Build.0 = Debug|Any CPU
		{4CB95A94-43CD-44A7-8B4C-41402A425957}.Debug|ARM.Deploy.0 = Debug|Any CPU
		{4CB95A94-43CD-44A7-8B4C-41402A425957}.Debug|ARM64.ActiveCfg = Debug|Any CPU
		{4CB95A94-43CD-44A7-8B4C-41402A425957}.Debug|ARM64.Build.0 = Debug|Any CPU
		{4CB95A94-43CD-44A7-8B4C-41402A425957}.Debug|ARM64.Deploy.0 = Debug|Any CPU
		{4CB95A94-43CD-44A7-8B4C-41402A425957}.Debug|x64.ActiveCfg = Debug|Any CPU
		{4CB95A94-43CD-44A7-8B4C-41402A425957}.Debug|x64.Build.0 = Debug|Any CPU
		{4CB95A94-43CD-44A7-8B4C-41402A425957}.Debug|x64.Deploy.0 = Debug|Any CPU
		{4CB95A94-43CD-44A7-8B4C-41402A425957}.Debug|x86.ActiveCfg = Debug|Any CPU
		{4CB95A94-43CD-44A7-8B4C-41402A425957}.Debug|x86.Build.0 = Debug|Any CPU
		{4CB95A94-43CD-44A7-8B4C-41402A425957}.Debug|x86.Deploy.0 = Debug|Any CPU
		{4CB95A94-43CD-44A7-8B4C-41402A425957}.Release|Any CPU.ActiveCfg = Release|Any CPU
		{4CB95A94-43CD-44A7-8B4C-41402A425957}.Release|Any CPU.Build.0 = Release|Any CPU
		{4CB95A94-43CD-44A7-8B4C-41402A425957}.Release|Any CPU.Deploy.0 = Release|Any CPU
		{4CB95A94-43CD-44A7-8B4C-41402A425957}.Release|ARM.ActiveCfg = Release|Any CPU
		{4CB95A94-43CD-44A7-8B4C-41402A425957}.Release|ARM.Build.0 = Release|Any CPU
		{4CB95A94-43CD-44A7-8B4C-41402A425957}.Release|ARM.Deploy.0 = Release|Any CPU
		{4CB95A94-43CD-44A7-8B4C-41402A425957}.Release|ARM64.ActiveCfg = Release|Any CPU
		{4CB95A94-43CD-44A7-8B4C-41402A425957}.Release|ARM64.Build.0 = Release|Any CPU
		{4CB95A94-43CD-44A7-8B4C-41402A425957}.Release|ARM64.Deploy.0 = Release|Any CPU
		{4CB95A94-43CD-44A7-8B4C-41402A425957}.Release|x64.ActiveCfg = Release|Any CPU
		{4CB95A94-43CD-44A7-8B4C-41402A425957}.Release|x64.Build.0 = Release|Any CPU
		{4CB95A94-43CD-44A7-8B4C-41402A425957}.Release|x64.Deploy.0 = Release|Any CPU
		{4CB95A94-43CD-44A7-8B4C-41402A425957}.Release|x86.ActiveCfg = Release|Any CPU
		{4CB95A94-43CD-44A7-8B4C-41402A425957}.Release|x86.Build.0 = Release|Any CPU
		{4CB95A94-43CD-44A7-8B4C-41402A425957}.Release|x86.Deploy.0 = Release|Any CPU
		{D70E55CC-DB14-4821-BB6A-2DB1F7F7CC9A}.Debug|Any CPU.ActiveCfg = Debug|Any CPU
		{D70E55CC-DB14-4821-BB6A-2DB1F7F7CC9A}.Debug|Any CPU.Build.0 = Debug|Any CPU
		{D70E55CC-DB14-4821-BB6A-2DB1F7F7CC9A}.Debug|Any CPU.Deploy.0 = Debug|Any CPU
		{D70E55CC-DB14-4821-BB6A-2DB1F7F7CC9A}.Debug|ARM.ActiveCfg = Debug|Any CPU
		{D70E55CC-DB14-4821-BB6A-2DB1F7F7CC9A}.Debug|ARM.Build.0 = Debug|Any CPU
		{D70E55CC-DB14-4821-BB6A-2DB1F7F7CC9A}.Debug|ARM.Deploy.0 = Debug|Any CPU
		{D70E55CC-DB14-4821-BB6A-2DB1F7F7CC9A}.Debug|ARM64.ActiveCfg = Debug|Any CPU
		{D70E55CC-DB14-4821-BB6A-2DB1F7F7CC9A}.Debug|ARM64.Build.0 = Debug|Any CPU
		{D70E55CC-DB14-4821-BB6A-2DB1F7F7CC9A}.Debug|ARM64.Deploy.0 = Debug|Any CPU
		{D70E55CC-DB14-4821-BB6A-2DB1F7F7CC9A}.Debug|x64.ActiveCfg = Debug|Any CPU
		{D70E55CC-DB14-4821-BB6A-2DB1F7F7CC9A}.Debug|x64.Build.0 = Debug|Any CPU
		{D70E55CC-DB14-4821-BB6A-2DB1F7F7CC9A}.Debug|x64.Deploy.0 = Debug|Any CPU
		{D70E55CC-DB14-4821-BB6A-2DB1F7F7CC9A}.Debug|x86.ActiveCfg = Debug|Any CPU
		{D70E55CC-DB14-4821-BB6A-2DB1F7F7CC9A}.Debug|x86.Build.0 = Debug|Any CPU
		{D70E55CC-DB14-4821-BB6A-2DB1F7F7CC9A}.Debug|x86.Deploy.0 = Debug|Any CPU
		{D70E55CC-DB14-4821-BB6A-2DB1F7F7CC9A}.Release|Any CPU.ActiveCfg = Release|Any CPU
		{D70E55CC-DB14-4821-BB6A-2DB1F7F7CC9A}.Release|Any CPU.Build.0 = Release|Any CPU
		{D70E55CC-DB14-4821-BB6A-2DB1F7F7CC9A}.Release|Any CPU.Deploy.0 = Release|Any CPU
		{D70E55CC-DB14-4821-BB6A-2DB1F7F7CC9A}.Release|ARM.ActiveCfg = Release|Any CPU
		{D70E55CC-DB14-4821-BB6A-2DB1F7F7CC9A}.Release|ARM.Build.0 = Release|Any CPU
		{D70E55CC-DB14-4821-BB6A-2DB1F7F7CC9A}.Release|ARM.Deploy.0 = Release|Any CPU
		{D70E55CC-DB14-4821-BB6A-2DB1F7F7CC9A}.Release|ARM64.ActiveCfg = Release|Any CPU
		{D70E55CC-DB14-4821-BB6A-2DB1F7F7CC9A}.Release|ARM64.Build.0 = Release|Any CPU
		{D70E55CC-DB14-4821-BB6A-2DB1F7F7CC9A}.Release|ARM64.Deploy.0 = Release|Any CPU
		{D70E55CC-DB14-4821-BB6A-2DB1F7F7CC9A}.Release|x64.ActiveCfg = Release|Any CPU
		{D70E55CC-DB14-4821-BB6A-2DB1F7F7CC9A}.Release|x64.Build.0 = Release|Any CPU
		{D70E55CC-DB14-4821-BB6A-2DB1F7F7CC9A}.Release|x64.Deploy.0 = Release|Any CPU
		{D70E55CC-DB14-4821-BB6A-2DB1F7F7CC9A}.Release|x86.ActiveCfg = Release|Any CPU
		{D70E55CC-DB14-4821-BB6A-2DB1F7F7CC9A}.Release|x86.Build.0 = Release|Any CPU
		{D70E55CC-DB14-4821-BB6A-2DB1F7F7CC9A}.Release|x86.Deploy.0 = Release|Any CPU
		{31F89160-AAA2-490E-A3B4-5078BB24E150}.Debug|Any CPU.ActiveCfg = Debug|Any CPU
		{31F89160-AAA2-490E-A3B4-5078BB24E150}.Debug|Any CPU.Build.0 = Debug|Any CPU
		{31F89160-AAA2-490E-A3B4-5078BB24E150}.Debug|ARM.ActiveCfg = Debug|Any CPU
		{31F89160-AAA2-490E-A3B4-5078BB24E150}.Debug|ARM.Build.0 = Debug|Any CPU
		{31F89160-AAA2-490E-A3B4-5078BB24E150}.Debug|ARM64.ActiveCfg = Debug|Any CPU
		{31F89160-AAA2-490E-A3B4-5078BB24E150}.Debug|ARM64.Build.0 = Debug|Any CPU
		{31F89160-AAA2-490E-A3B4-5078BB24E150}.Debug|x64.ActiveCfg = Debug|Any CPU
		{31F89160-AAA2-490E-A3B4-5078BB24E150}.Debug|x64.Build.0 = Debug|Any CPU
		{31F89160-AAA2-490E-A3B4-5078BB24E150}.Debug|x86.ActiveCfg = Debug|Any CPU
		{31F89160-AAA2-490E-A3B4-5078BB24E150}.Debug|x86.Build.0 = Debug|Any CPU
		{31F89160-AAA2-490E-A3B4-5078BB24E150}.Release|Any CPU.ActiveCfg = Release|Any CPU
		{31F89160-AAA2-490E-A3B4-5078BB24E150}.Release|Any CPU.Build.0 = Release|Any CPU
		{31F89160-AAA2-490E-A3B4-5078BB24E150}.Release|ARM.ActiveCfg = Release|Any CPU
		{31F89160-AAA2-490E-A3B4-5078BB24E150}.Release|ARM.Build.0 = Release|Any CPU
		{31F89160-AAA2-490E-A3B4-5078BB24E150}.Release|ARM64.ActiveCfg = Release|Any CPU
		{31F89160-AAA2-490E-A3B4-5078BB24E150}.Release|ARM64.Build.0 = Release|Any CPU
		{31F89160-AAA2-490E-A3B4-5078BB24E150}.Release|x64.ActiveCfg = Release|Any CPU
		{31F89160-AAA2-490E-A3B4-5078BB24E150}.Release|x64.Build.0 = Release|Any CPU
		{31F89160-AAA2-490E-A3B4-5078BB24E150}.Release|x86.ActiveCfg = Release|Any CPU
		{31F89160-AAA2-490E-A3B4-5078BB24E150}.Release|x86.Build.0 = Release|Any CPU
		{949AE00C-F563-412D-8E32-61A2FA03F58A}.Debug|Any CPU.ActiveCfg = Debug|Any CPU
		{949AE00C-F563-412D-8E32-61A2FA03F58A}.Debug|Any CPU.Build.0 = Debug|Any CPU
		{949AE00C-F563-412D-8E32-61A2FA03F58A}.Debug|ARM.ActiveCfg = Debug|Any CPU
		{949AE00C-F563-412D-8E32-61A2FA03F58A}.Debug|ARM.Build.0 = Debug|Any CPU
		{949AE00C-F563-412D-8E32-61A2FA03F58A}.Debug|ARM64.ActiveCfg = Debug|Any CPU
		{949AE00C-F563-412D-8E32-61A2FA03F58A}.Debug|ARM64.Build.0 = Debug|Any CPU
		{949AE00C-F563-412D-8E32-61A2FA03F58A}.Debug|x64.ActiveCfg = Debug|Any CPU
		{949AE00C-F563-412D-8E32-61A2FA03F58A}.Debug|x64.Build.0 = Debug|Any CPU
		{949AE00C-F563-412D-8E32-61A2FA03F58A}.Debug|x86.ActiveCfg = Debug|Any CPU
		{949AE00C-F563-412D-8E32-61A2FA03F58A}.Debug|x86.Build.0 = Debug|Any CPU
		{949AE00C-F563-412D-8E32-61A2FA03F58A}.Release|Any CPU.ActiveCfg = Release|Any CPU
		{949AE00C-F563-412D-8E32-61A2FA03F58A}.Release|Any CPU.Build.0 = Release|Any CPU
		{949AE00C-F563-412D-8E32-61A2FA03F58A}.Release|ARM.ActiveCfg = Release|Any CPU
		{949AE00C-F563-412D-8E32-61A2FA03F58A}.Release|ARM.Build.0 = Release|Any CPU
		{949AE00C-F563-412D-8E32-61A2FA03F58A}.Release|ARM64.ActiveCfg = Release|Any CPU
		{949AE00C-F563-412D-8E32-61A2FA03F58A}.Release|ARM64.Build.0 = Release|Any CPU
		{949AE00C-F563-412D-8E32-61A2FA03F58A}.Release|x64.ActiveCfg = Release|Any CPU
		{949AE00C-F563-412D-8E32-61A2FA03F58A}.Release|x64.Build.0 = Release|Any CPU
		{949AE00C-F563-412D-8E32-61A2FA03F58A}.Release|x86.ActiveCfg = Release|Any CPU
		{949AE00C-F563-412D-8E32-61A2FA03F58A}.Release|x86.Build.0 = Release|Any CPU
		{3AF7E60D-8AA7-491D-BBF4-756A04449664}.Debug|Any CPU.ActiveCfg = Debug|Any CPU
		{3AF7E60D-8AA7-491D-BBF4-756A04449664}.Debug|Any CPU.Build.0 = Debug|Any CPU
		{3AF7E60D-8AA7-491D-BBF4-756A04449664}.Debug|Any CPU.Deploy.0 = Debug|Any CPU
		{3AF7E60D-8AA7-491D-BBF4-756A04449664}.Debug|ARM.ActiveCfg = Debug|Any CPU
		{3AF7E60D-8AA7-491D-BBF4-756A04449664}.Debug|ARM.Build.0 = Debug|Any CPU
		{3AF7E60D-8AA7-491D-BBF4-756A04449664}.Debug|ARM.Deploy.0 = Debug|Any CPU
		{3AF7E60D-8AA7-491D-BBF4-756A04449664}.Debug|ARM64.ActiveCfg = Debug|Any CPU
		{3AF7E60D-8AA7-491D-BBF4-756A04449664}.Debug|ARM64.Build.0 = Debug|Any CPU
		{3AF7E60D-8AA7-491D-BBF4-756A04449664}.Debug|ARM64.Deploy.0 = Debug|Any CPU
		{3AF7E60D-8AA7-491D-BBF4-756A04449664}.Debug|x64.ActiveCfg = Debug|Any CPU
		{3AF7E60D-8AA7-491D-BBF4-756A04449664}.Debug|x64.Build.0 = Debug|Any CPU
		{3AF7E60D-8AA7-491D-BBF4-756A04449664}.Debug|x64.Deploy.0 = Debug|Any CPU
		{3AF7E60D-8AA7-491D-BBF4-756A04449664}.Debug|x86.ActiveCfg = Debug|Any CPU
		{3AF7E60D-8AA7-491D-BBF4-756A04449664}.Debug|x86.Build.0 = Debug|Any CPU
		{3AF7E60D-8AA7-491D-BBF4-756A04449664}.Debug|x86.Deploy.0 = Debug|Any CPU
		{3AF7E60D-8AA7-491D-BBF4-756A04449664}.Release|Any CPU.ActiveCfg = Release|Any CPU
		{3AF7E60D-8AA7-491D-BBF4-756A04449664}.Release|Any CPU.Build.0 = Release|Any CPU
		{3AF7E60D-8AA7-491D-BBF4-756A04449664}.Release|Any CPU.Deploy.0 = Release|Any CPU
		{3AF7E60D-8AA7-491D-BBF4-756A04449664}.Release|ARM.ActiveCfg = Release|Any CPU
		{3AF7E60D-8AA7-491D-BBF4-756A04449664}.Release|ARM.Build.0 = Release|Any CPU
		{3AF7E60D-8AA7-491D-BBF4-756A04449664}.Release|ARM.Deploy.0 = Release|Any CPU
		{3AF7E60D-8AA7-491D-BBF4-756A04449664}.Release|ARM64.ActiveCfg = Release|Any CPU
		{3AF7E60D-8AA7-491D-BBF4-756A04449664}.Release|ARM64.Build.0 = Release|Any CPU
		{3AF7E60D-8AA7-491D-BBF4-756A04449664}.Release|ARM64.Deploy.0 = Release|Any CPU
		{3AF7E60D-8AA7-491D-BBF4-756A04449664}.Release|x64.ActiveCfg = Release|Any CPU
		{3AF7E60D-8AA7-491D-BBF4-756A04449664}.Release|x64.Build.0 = Release|Any CPU
		{3AF7E60D-8AA7-491D-BBF4-756A04449664}.Release|x64.Deploy.0 = Release|Any CPU
		{3AF7E60D-8AA7-491D-BBF4-756A04449664}.Release|x86.ActiveCfg = Release|Any CPU
		{3AF7E60D-8AA7-491D-BBF4-756A04449664}.Release|x86.Build.0 = Release|Any CPU
		{3AF7E60D-8AA7-491D-BBF4-756A04449664}.Release|x86.Deploy.0 = Release|Any CPU
		{DDF4BD41-A8F0-48D9-91ED-7BD4A938EEE7}.Debug|Any CPU.ActiveCfg = Debug|Any CPU
		{DDF4BD41-A8F0-48D9-91ED-7BD4A938EEE7}.Debug|Any CPU.Build.0 = Debug|Any CPU
		{DDF4BD41-A8F0-48D9-91ED-7BD4A938EEE7}.Debug|Any CPU.Deploy.0 = Debug|Any CPU
		{DDF4BD41-A8F0-48D9-91ED-7BD4A938EEE7}.Debug|ARM.ActiveCfg = Debug|Any CPU
		{DDF4BD41-A8F0-48D9-91ED-7BD4A938EEE7}.Debug|ARM.Build.0 = Debug|Any CPU
		{DDF4BD41-A8F0-48D9-91ED-7BD4A938EEE7}.Debug|ARM.Deploy.0 = Debug|Any CPU
		{DDF4BD41-A8F0-48D9-91ED-7BD4A938EEE7}.Debug|ARM64.ActiveCfg = Debug|Any CPU
		{DDF4BD41-A8F0-48D9-91ED-7BD4A938EEE7}.Debug|ARM64.Build.0 = Debug|Any CPU
		{DDF4BD41-A8F0-48D9-91ED-7BD4A938EEE7}.Debug|ARM64.Deploy.0 = Debug|Any CPU
		{DDF4BD41-A8F0-48D9-91ED-7BD4A938EEE7}.Debug|x64.ActiveCfg = Debug|Any CPU
		{DDF4BD41-A8F0-48D9-91ED-7BD4A938EEE7}.Debug|x64.Build.0 = Debug|Any CPU
		{DDF4BD41-A8F0-48D9-91ED-7BD4A938EEE7}.Debug|x64.Deploy.0 = Debug|Any CPU
		{DDF4BD41-A8F0-48D9-91ED-7BD4A938EEE7}.Debug|x86.ActiveCfg = Debug|Any CPU
		{DDF4BD41-A8F0-48D9-91ED-7BD4A938EEE7}.Debug|x86.Build.0 = Debug|Any CPU
		{DDF4BD41-A8F0-48D9-91ED-7BD4A938EEE7}.Debug|x86.Deploy.0 = Debug|Any CPU
		{DDF4BD41-A8F0-48D9-91ED-7BD4A938EEE7}.Release|Any CPU.ActiveCfg = Release|Any CPU
		{DDF4BD41-A8F0-48D9-91ED-7BD4A938EEE7}.Release|Any CPU.Build.0 = Release|Any CPU
		{DDF4BD41-A8F0-48D9-91ED-7BD4A938EEE7}.Release|Any CPU.Deploy.0 = Release|Any CPU
		{DDF4BD41-A8F0-48D9-91ED-7BD4A938EEE7}.Release|ARM.ActiveCfg = Release|Any CPU
		{DDF4BD41-A8F0-48D9-91ED-7BD4A938EEE7}.Release|ARM.Build.0 = Release|Any CPU
		{DDF4BD41-A8F0-48D9-91ED-7BD4A938EEE7}.Release|ARM.Deploy.0 = Release|Any CPU
		{DDF4BD41-A8F0-48D9-91ED-7BD4A938EEE7}.Release|ARM64.ActiveCfg = Release|Any CPU
		{DDF4BD41-A8F0-48D9-91ED-7BD4A938EEE7}.Release|ARM64.Build.0 = Release|Any CPU
		{DDF4BD41-A8F0-48D9-91ED-7BD4A938EEE7}.Release|ARM64.Deploy.0 = Release|Any CPU
		{DDF4BD41-A8F0-48D9-91ED-7BD4A938EEE7}.Release|x64.ActiveCfg = Release|Any CPU
		{DDF4BD41-A8F0-48D9-91ED-7BD4A938EEE7}.Release|x64.Build.0 = Release|Any CPU
		{DDF4BD41-A8F0-48D9-91ED-7BD4A938EEE7}.Release|x64.Deploy.0 = Release|Any CPU
		{DDF4BD41-A8F0-48D9-91ED-7BD4A938EEE7}.Release|x86.ActiveCfg = Release|Any CPU
		{DDF4BD41-A8F0-48D9-91ED-7BD4A938EEE7}.Release|x86.Build.0 = Release|Any CPU
		{DDF4BD41-A8F0-48D9-91ED-7BD4A938EEE7}.Release|x86.Deploy.0 = Release|Any CPU
		{9D875FEC-9A44-4DF9-8238-583845AAD726}.Debug|Any CPU.ActiveCfg = Debug|Any CPU
		{9D875FEC-9A44-4DF9-8238-583845AAD726}.Debug|Any CPU.Build.0 = Debug|Any CPU
		{9D875FEC-9A44-4DF9-8238-583845AAD726}.Debug|ARM.ActiveCfg = Debug|Any CPU
		{9D875FEC-9A44-4DF9-8238-583845AAD726}.Debug|ARM.Build.0 = Debug|Any CPU
		{9D875FEC-9A44-4DF9-8238-583845AAD726}.Debug|ARM64.ActiveCfg = Debug|Any CPU
		{9D875FEC-9A44-4DF9-8238-583845AAD726}.Debug|ARM64.Build.0 = Debug|Any CPU
		{9D875FEC-9A44-4DF9-8238-583845AAD726}.Debug|x64.ActiveCfg = Debug|Any CPU
		{9D875FEC-9A44-4DF9-8238-583845AAD726}.Debug|x64.Build.0 = Debug|Any CPU
		{9D875FEC-9A44-4DF9-8238-583845AAD726}.Debug|x86.ActiveCfg = Debug|Any CPU
		{9D875FEC-9A44-4DF9-8238-583845AAD726}.Debug|x86.Build.0 = Debug|Any CPU
		{9D875FEC-9A44-4DF9-8238-583845AAD726}.Release|Any CPU.ActiveCfg = Release|Any CPU
		{9D875FEC-9A44-4DF9-8238-583845AAD726}.Release|Any CPU.Build.0 = Release|Any CPU
		{9D875FEC-9A44-4DF9-8238-583845AAD726}.Release|ARM.ActiveCfg = Release|Any CPU
		{9D875FEC-9A44-4DF9-8238-583845AAD726}.Release|ARM.Build.0 = Release|Any CPU
		{9D875FEC-9A44-4DF9-8238-583845AAD726}.Release|ARM64.ActiveCfg = Release|Any CPU
		{9D875FEC-9A44-4DF9-8238-583845AAD726}.Release|ARM64.Build.0 = Release|Any CPU
		{9D875FEC-9A44-4DF9-8238-583845AAD726}.Release|x64.ActiveCfg = Release|Any CPU
		{9D875FEC-9A44-4DF9-8238-583845AAD726}.Release|x64.Build.0 = Release|Any CPU
		{9D875FEC-9A44-4DF9-8238-583845AAD726}.Release|x86.ActiveCfg = Release|Any CPU
		{9D875FEC-9A44-4DF9-8238-583845AAD726}.Release|x86.Build.0 = Release|Any CPU
	EndGlobalSection
	GlobalSection(SolutionProperties) = preSolution
		HideSolutionNode = FALSE
	EndGlobalSection
	GlobalSection(ExtensibilityGlobals) = postSolution
		SolutionGuid = {DF6E8692-FA68-4243-9F33-BB5932B6A979}
	EndGlobalSection
EndGlobal
